
Microsoft Visual Studio Solution File, Format Version 12.00
# Visual Studio Version 17
VisualStudioVersion = 17.4.33403.182
MinimumVisualStudioVersion = 10.0.40219.1
Project("{FAE04EC0-301F-11D3-BF4B-00C04F79EFBC}") = "Clase.obiecte", "Clase.obiecte.csproj", "{A7263576-4614-4872-98A1-CD3F4F197B46}"
EndProject
Global
	GlobalSection(SolutionConfigurationPlatforms) = preSolution
		Debug|Any CPU = Debug|Any CPU
		Release|Any CPU = Release|Any CPU
	EndGlobalSection
	GlobalSection(ProjectConfigurationPlatforms) = postSolution
		{A7263576-4614-4872-98A1-CD3F4F197B46}.Debug|Any CPU.ActiveCfg = Debug|Any CPU
		{A7263576-4614-4872-98A1-CD3F4F197B46}.Debug|Any CPU.Build.0 = Debug|Any CPU
		{A7263576-4614-4872-98A1-CD3F4F197B46}.Release|Any CPU.ActiveCfg = Release|Any CPU
		{A7263576-4614-4872-98A1-CD3F4F197B46}.Release|Any CPU.Build.0 = Release|Any CPU
	EndGlobalSection
	GlobalSection(SolutionProperties) = preSolution
		HideSolutionNode = FALSE
	EndGlobalSection
	GlobalSection(ExtensibilityGlobals) = postSolution
		SolutionGuid = {D928CA9E-BF4A-4C56-93D5-76C3F412D052}
	EndGlobalSection
EndGlobal
